
Microsoft Visual Studio Solution File, Format Version 12.00
# Visual Studio Version 17
VisualStudioVersion = 17.8.34309.116
MinimumVisualStudioVersion = 10.0.40219.1
Project("{FAE04EC0-301F-11D3-BF4B-00C04F79EFBC}") = "localshortener.api", "localshortener\localshortener.api.csproj", "{F526FC2C-D005-4C3E-8183-0694F4BEFB30}"
EndProject
Global
	GlobalSection(SolutionConfigurationPlatforms) = preSolution
		Debug|Any CPU = Debug|Any CPU
		Release|Any CPU = Release|Any CPU
	EndGlobalSection
	GlobalSection(ProjectConfigurationPlatforms) = postSolution
		{F526FC2C-D005-4C3E-8183-0694F4BEFB30}.Debug|Any CPU.ActiveCfg = Debug|Any CPU
		{F526FC2C-D005-4C3E-8183-0694F4BEFB30}.Debug|Any CPU.Build.0 = Debug|Any CPU
		{F526FC2C-D005-4C3E-8183-0694F4BEFB30}.Release|Any CPU.ActiveCfg = Release|Any CPU
		{F526FC2C-D005-4C3E-8183-0694F4BEFB30}.Release|Any CPU.Build.0 = Release|Any CPU
	EndGlobalSection
	GlobalSection(SolutionProperties) = preSolution
		HideSolutionNode = FALSE
	EndGlobalSection
	GlobalSection(ExtensibilityGlobals) = postSolution
		SolutionGuid = {E3547A04-1154-4522-BDC7-9922B057406C}
	EndGlobalSection
EndGlobal
